<?xml version="1.0" encoding="utf-8"?>
<Project ToolsVersion="4.0" xmlns="http://schemas.microsoft.com/developer/msbuild/2003">
  <ItemGroup>
    <ClCompile Include="ClusterAbstract.cpp">
      <Filter>Исходные файлы</Filter>
    </ClCompile>
    <ClCompile Include="ClusterData.cpp">
      <Filter>Исходные файлы</Filter>
    </ClCompile>
    <ClCompile Include="DBScan.cpp">
      <Filter>Исходные файлы</Filter>
    </ClCompile>
    <ClCompile Include="KMeans.cpp">
      <Filter>Исходные файлы</Filter>
    </ClCompile>
    <ClCompile Include="main.cpp">
      <Filter>Исходные файлы</Filter>
    </ClCompile>
    <ClCompile Include="Statistics.cpp">
      <Filter>Исходные файлы</Filter>
    </ClCompile>
  </ItemGroup>
  <ItemGroup>
    <ClInclude Include="ClusterAbstract.h">
      <Filter>Файлы заголовков</Filter>
    </ClInclude>
    <ClInclude Include="ClusterData.h">
      <Filter>Файлы заголовков</Filter>
    </ClInclude>
    <ClInclude Include="DBScan.h">
      <Filter>Файлы заголовков</Filter>
    </ClInclude>
    <ClInclude Include="KMeans.h">
      <Filter>Файлы заголовков</Filter>
    </ClInclude>
    <ClInclude Include="Statistics.h">
      <Filter>Файлы заголовков</Filter>
    </ClInclude>
  </ItemGroup>
  <ItemGroup>
    <Library Include="..\..\..\..\..\..\Program Files\netCDF 4.6.0\lib\netcdf.lib">
      <Filter>Файлы ресурсов</Filter>
    </Library>
    <Library Include="..\..\..\..\..\..\Program Files\HDF_Group\HDF5\1.10.1\lib\hdf5.lib">
      <Filter>Файлы ресурсов</Filter>
    </Library>
  </ItemGroup>
  <ItemGroup>
    <Filter Include="Исходные файлы">
      <UniqueIdentifier>{315b2a0f-9082-4670-9340-fc5384919e37}</UniqueIdentifier>
    </Filter>
    <Filter Include="Файлы заголовков">
      <UniqueIdentifier>{3f0a89cb-a220-43a7-b258-3c3ae742d6f0}</UniqueIdentifier>
    </Filter>
    <Filter Include="Файлы ресурсов">
      <UniqueIdentifier>{4075bfd6-7137-4e7a-9f3a-b01aaf22b978}</UniqueIdentifier>
    </Filter>
  </ItemGroup>
</Project>